// !$*UTF8*$!
{
	archiveVersion = 1;
	classes = {
	};
	objectVersion = 50;
	objects = {

/* Begin PBXBuildFile section */
		4F3FECA42236300A008BAD84 /* MPDebugUAVControlUITestViewController.m in Sources */ = {isa = PBXBuildFile; fileRef = 4F3FECA32236300A008BAD84 /* MPDebugUAVControlUITestViewController.m */; };
		4F3FECA7223661BF008BAD84 /* MPThrottleControlView.m in Sources */ = {isa = PBXBuildFile; fileRef = 4F3FECA6223661BF008BAD84 /* MPThrottleControlView.m */; };
		4F3FECAA2236667C008BAD84 /* MPTouchView.m in Sources */ = {isa = PBXBuildFile; fileRef = 4F3FECA92236667C008BAD84 /* MPTouchView.m */; };
		4F43EBFF2235115B00A1EBF8 /* MPMainUAVControlViewController.m in Sources */ = {isa = PBXBuildFile; fileRef = 4F43EBFE2235115B00A1EBF8 /* MPMainUAVControlViewController.m */; };
		4F43EC02223511A600A1EBF8 /* MPGravityRollIndicateView.m in Sources */ = {isa = PBXBuildFile; fileRef = 4F43EC01223511A600A1EBF8 /* MPGravityRollIndicateView.m */; };
		4F43EC052235120E00A1EBF8 /* MPGraviryPitchRollIndicateView.m in Sources */ = {isa = PBXBuildFile; fileRef = 4F43EC042235120E00A1EBF8 /* MPGraviryPitchRollIndicateView.m */; };
		4F43EC0C22362D6900A1EBF8 /* UIColor+MavPPMColor.m in Sources */ = {isa = PBXBuildFile; fileRef = 4F43EC0B22362D6900A1EBF8 /* UIColor+MavPPMColor.m */; };
		4F5CBCED21DE41840007976C /* AppDelegate.m in Sources */ = {isa = PBXBuildFile; fileRef = 4F5CBCEC21DE41840007976C /* AppDelegate.m */; };
		4F5CBCF021DE41840007976C /* ViewController.m in Sources */ = {isa = PBXBuildFile; fileRef = 4F5CBCEF21DE41840007976C /* ViewController.m */; };
		4F5CBCF521DE41850007976C /* Assets.xcassets in Resources */ = {isa = PBXBuildFile; fileRef = 4F5CBCF421DE41850007976C /* Assets.xcassets */; };
		4F5CBCF821DE41850007976C /* LaunchScreen.storyboard in Resources */ = {isa = PBXBuildFile; fileRef = 4F5CBCF621DE41850007976C /* LaunchScreen.storyboard */; };
		4F5CBCFB21DE41850007976C /* main.m in Sources */ = {isa = PBXBuildFile; fileRef = 4F5CBCFA21DE41850007976C /* main.m */; };
		4F5CBD0321DE420F0007976C /* MPMavlink.framework in Frameworks */ = {isa = PBXBuildFile; fileRef = 4F5CBD0221DE420F0007976C /* MPMavlink.framework */; };
		4F5CBD0421DE420F0007976C /* MPMavlink.framework in Embed Frameworks */ = {isa = PBXBuildFile; fileRef = 4F5CBD0221DE420F0007976C /* MPMavlink.framework */; settings = {ATTRIBUTES = (CodeSignOnCopy, RemoveHeadersOnCopy, ); }; };
		4F5CBD0721DE42120007976C /* MPCommLayer.framework in Frameworks */ = {isa = PBXBuildFile; fileRef = 4F5CBD0621DE42120007976C /* MPCommLayer.framework */; };
		4F5CBD0821DE42120007976C /* MPCommLayer.framework in Embed Frameworks */ = {isa = PBXBuildFile; fileRef = 4F5CBD0621DE42120007976C /* MPCommLayer.framework */; settings = {ATTRIBUTES = (CodeSignOnCopy, RemoveHeadersOnCopy, ); }; };
		4F5CBD1721DE4E600007976C /* MPNavigationController.m in Sources */ = {isa = PBXBuildFile; fileRef = 4F5CBD1621DE4E600007976C /* MPNavigationController.m */; };
		4F5CBD1A21DE4E6F0007976C /* MPViewController.m in Sources */ = {isa = PBXBuildFile; fileRef = 4F5CBD1921DE4E6F0007976C /* MPViewController.m */; };
		4F5CBD1D21DE4E7C0007976C /* MPView.m in Sources */ = {isa = PBXBuildFile; fileRef = 4F5CBD1C21DE4E7C0007976C /* MPView.m */; };
		4F5CBD2121DE4FA40007976C /* MPConnectViewController.m in Sources */ = {isa = PBXBuildFile; fileRef = 4F5CBD2021DE4FA40007976C /* MPConnectViewController.m */; };
		4F5CBD2621DE506A0007976C /* MPDebugHeartBeatViewController.m in Sources */ = {isa = PBXBuildFile; fileRef = 4F5CBD2521DE506A0007976C /* MPDebugHeartBeatViewController.m */; };
		4F5CBD2921DE51780007976C /* MPDebugViewController.m in Sources */ = {isa = PBXBuildFile; fileRef = 4F5CBD2821DE51780007976C /* MPDebugViewController.m */; };
		4F5CBD2B21DE53A40007976C /* Masonry.framework in Frameworks */ = {isa = PBXBuildFile; fileRef = 4F5CBD2A21DE53A40007976C /* Masonry.framework */; };
		4F5CBD2C21DE53A40007976C /* Masonry.framework in Embed Frameworks */ = {isa = PBXBuildFile; fileRef = 4F5CBD2A21DE53A40007976C /* Masonry.framework */; settings = {ATTRIBUTES = (CodeSignOnCopy, RemoveHeadersOnCopy, ); }; };
		4F5CBD3021DE571F0007976C /* NSObject+ClassDomain.m in Sources */ = {isa = PBXBuildFile; fileRef = 4F5CBD2F21DE571F0007976C /* NSObject+ClassDomain.m */; };
		4FBCCDE921EF7F9700E7BF3C /* MPPackageManager.m in Sources */ = {isa = PBXBuildFile; fileRef = 4FBCCDE821EF7F9700E7BF3C /* MPPackageManager.m */; };
		4FBCCDF121EF904500E7BF3C /* MPDebugHeartbeatDevice.m in Sources */ = {isa = PBXBuildFile; fileRef = 4FBCCDF021EF904500E7BF3C /* MPDebugHeartbeatDevice.m */; };
		4FBCCE0E21F2220F00E7BF3C /* MPDebugPackageManagerViewController.m in Sources */ = {isa = PBXBuildFile; fileRef = 4FBCCE0D21F2220F00E7BF3C /* MPDebugPackageManagerViewController.m */; };
		4FD32B0922100CB100C391E8 /* MPGravityControlLogic.framework in Frameworks */ = {isa = PBXBuildFile; fileRef = 4FD32B0822100CB100C391E8 /* MPGravityControlLogic.framework */; };
		4FD32B0A22100CB100C391E8 /* MPGravityControlLogic.framework in Embed Frameworks */ = {isa = PBXBuildFile; fileRef = 4FD32B0822100CB100C391E8 /* MPGravityControlLogic.framework */; settings = {ATTRIBUTES = (CodeSignOnCopy, RemoveHeadersOnCopy, ); }; };
		4FD32B222210339C00C391E8 /* MPDebugGravityViewController.m in Sources */ = {isa = PBXBuildFile; fileRef = 4FD32B212210339C00C391E8 /* MPDebugGravityViewController.m */; };
		4FE07D2A22112F7C009DCF25 /* MPDebugTCPServerTestViewController.m in Sources */ = {isa = PBXBuildFile; fileRef = 4FE07D2922112F7C009DCF25 /* MPDebugTCPServerTestViewController.m */; };
		4FE68043221035620048C7D9 /* MPCMMotionManager.m in Sources */ = {isa = PBXBuildFile; fileRef = 4FE68042221035620048C7D9 /* MPCMMotionManager.m */; };
		4FF764392230D87600D259CA /* MPDebugCubeHeartbeatTestViewController.m in Sources */ = {isa = PBXBuildFile; fileRef = 4FF764382230D87600D259CA /* MPDebugCubeHeartbeatTestViewController.m */; };
/* End PBXBuildFile section */

/* Begin PBXCopyFilesBuildPhase section */
		4F5CBD0521DE420F0007976C /* Embed Frameworks */ = {
			isa = PBXCopyFilesBuildPhase;
			buildActionMask = 2147483647;
			dstPath = "";
			dstSubfolderSpec = 10;
			files = (
				4F5CBD0421DE420F0007976C /* MPMavlink.framework in Embed Frameworks */,
				4FD32B0A22100CB100C391E8 /* MPGravityControlLogic.framework in Embed Frameworks */,
				4F5CBD0821DE42120007976C /* MPCommLayer.framework in Embed Frameworks */,
				4F5CBD2C21DE53A40007976C /* Masonry.framework in Embed Frameworks */,
			);
			name = "Embed Frameworks";
			runOnlyForDeploymentPostprocessing = 0;
		};
/* End PBXCopyFilesBuildPhase section */

/* Begin PBXFileReference section */
		4F3FECA22236300A008BAD84 /* MPDebugUAVControlUITestViewController.h */ = {isa = PBXFileReference; lastKnownFileType = sourcecode.c.h; path = MPDebugUAVControlUITestViewController.h; sourceTree = "<group>"; };
		4F3FECA32236300A008BAD84 /* MPDebugUAVControlUITestViewController.m */ = {isa = PBXFileReference; lastKnownFileType = sourcecode.c.objc; path = MPDebugUAVControlUITestViewController.m; sourceTree = "<group>"; };
		4F3FECA5223661BF008BAD84 /* MPThrottleControlView.h */ = {isa = PBXFileReference; lastKnownFileType = sourcecode.c.h; path = MPThrottleControlView.h; sourceTree = "<group>"; };
		4F3FECA6223661BF008BAD84 /* MPThrottleControlView.m */ = {isa = PBXFileReference; lastKnownFileType = sourcecode.c.objc; path = MPThrottleControlView.m; sourceTree = "<group>"; };
		4F3FECA82236667C008BAD84 /* MPTouchView.h */ = {isa = PBXFileReference; lastKnownFileType = sourcecode.c.h; path = MPTouchView.h; sourceTree = "<group>"; };
		4F3FECA92236667C008BAD84 /* MPTouchView.m */ = {isa = PBXFileReference; lastKnownFileType = sourcecode.c.objc; path = MPTouchView.m; sourceTree = "<group>"; };
		4F43EBFD2235115B00A1EBF8 /* MPMainUAVControlViewController.h */ = {isa = PBXFileReference; lastKnownFileType = sourcecode.c.h; path = MPMainUAVControlViewController.h; sourceTree = "<group>"; };
		4F43EBFE2235115B00A1EBF8 /* MPMainUAVControlViewController.m */ = {isa = PBXFileReference; lastKnownFileType = sourcecode.c.objc; path = MPMainUAVControlViewController.m; sourceTree = "<group>"; };
		4F43EC00223511A600A1EBF8 /* MPGravityRollIndicateView.h */ = {isa = PBXFileReference; lastKnownFileType = sourcecode.c.h; path = MPGravityRollIndicateView.h; sourceTree = "<group>"; };
		4F43EC01223511A600A1EBF8 /* MPGravityRollIndicateView.m */ = {isa = PBXFileReference; lastKnownFileType = sourcecode.c.objc; path = MPGravityRollIndicateView.m; sourceTree = "<group>"; };
		4F43EC032235120E00A1EBF8 /* MPGraviryPitchRollIndicateView.h */ = {isa = PBXFileReference; lastKnownFileType = sourcecode.c.h; path = MPGraviryPitchRollIndicateView.h; sourceTree = "<group>"; };
		4F43EC042235120E00A1EBF8 /* MPGraviryPitchRollIndicateView.m */ = {isa = PBXFileReference; lastKnownFileType = sourcecode.c.objc; path = MPGraviryPitchRollIndicateView.m; sourceTree = "<group>"; };
		4F43EC0A22362D6900A1EBF8 /* UIColor+MavPPMColor.h */ = {isa = PBXFileReference; lastKnownFileType = sourcecode.c.h; path = "UIColor+MavPPMColor.h"; sourceTree = "<group>"; };
		4F43EC0B22362D6900A1EBF8 /* UIColor+MavPPMColor.m */ = {isa = PBXFileReference; lastKnownFileType = sourcecode.c.objc; path = "UIColor+MavPPMColor.m"; sourceTree = "<group>"; };
		4F5CBCE821DE41840007976C /* MavPPM.app */ = {isa = PBXFileReference; explicitFileType = wrapper.application; includeInIndex = 0; path = MavPPM.app; sourceTree = BUILT_PRODUCTS_DIR; };
		4F5CBCEB21DE41840007976C /* AppDelegate.h */ = {isa = PBXFileReference; lastKnownFileType = sourcecode.c.h; path = AppDelegate.h; sourceTree = "<group>"; };
		4F5CBCEC21DE41840007976C /* AppDelegate.m */ = {isa = PBXFileReference; lastKnownFileType = sourcecode.c.objc; path = AppDelegate.m; sourceTree = "<group>"; };
		4F5CBCEE21DE41840007976C /* ViewController.h */ = {isa = PBXFileReference; lastKnownFileType = sourcecode.c.h; path = ViewController.h; sourceTree = "<group>"; };
		4F5CBCEF21DE41840007976C /* ViewController.m */ = {isa = PBXFileReference; lastKnownFileType = sourcecode.c.objc; path = ViewController.m; sourceTree = "<group>"; };
		4F5CBCF421DE41850007976C /* Assets.xcassets */ = {isa = PBXFileReference; lastKnownFileType = folder.assetcatalog; path = Assets.xcassets; sourceTree = "<group>"; };
		4F5CBCF721DE41850007976C /* Base */ = {isa = PBXFileReference; lastKnownFileType = file.storyboard; name = Base; path = Base.lproj/LaunchScreen.storyboard; sourceTree = "<group>"; };
		4F5CBCF921DE41850007976C /* Info.plist */ = {isa = PBXFileReference; lastKnownFileType = text.plist.xml; path = Info.plist; sourceTree = "<group>"; };
		4F5CBCFA21DE41850007976C /* main.m */ = {isa = PBXFileReference; lastKnownFileType = sourcecode.c.objc; path = main.m; sourceTree = "<group>"; };
		4F5CBD0221DE420F0007976C /* MPMavlink.framework */ = {isa = PBXFileReference; explicitFileType = wrapper.framework; path = MPMavlink.framework; sourceTree = BUILT_PRODUCTS_DIR; };
		4F5CBD0621DE42120007976C /* MPCommLayer.framework */ = {isa = PBXFileReference; explicitFileType = wrapper.framework; path = MPCommLayer.framework; sourceTree = BUILT_PRODUCTS_DIR; };
		4F5CBD1521DE4E600007976C /* MPNavigationController.h */ = {isa = PBXFileReference; lastKnownFileType = sourcecode.c.h; path = MPNavigationController.h; sourceTree = "<group>"; };
		4F5CBD1621DE4E600007976C /* MPNavigationController.m */ = {isa = PBXFileReference; lastKnownFileType = sourcecode.c.objc; path = MPNavigationController.m; sourceTree = "<group>"; };
		4F5CBD1821DE4E6F0007976C /* MPViewController.h */ = {isa = PBXFileReference; lastKnownFileType = sourcecode.c.h; path = MPViewController.h; sourceTree = "<group>"; };
		4F5CBD1921DE4E6F0007976C /* MPViewController.m */ = {isa = PBXFileReference; lastKnownFileType = sourcecode.c.objc; path = MPViewController.m; sourceTree = "<group>"; };
		4F5CBD1B21DE4E7C0007976C /* MPView.h */ = {isa = PBXFileReference; lastKnownFileType = sourcecode.c.h; path = MPView.h; sourceTree = "<group>"; };
		4F5CBD1C21DE4E7C0007976C /* MPView.m */ = {isa = PBXFileReference; lastKnownFileType = sourcecode.c.objc; path = MPView.m; sourceTree = "<group>"; };
		4F5CBD1F21DE4FA40007976C /* MPConnectViewController.h */ = {isa = PBXFileReference; lastKnownFileType = sourcecode.c.h; path = MPConnectViewController.h; sourceTree = "<group>"; };
		4F5CBD2021DE4FA40007976C /* MPConnectViewController.m */ = {isa = PBXFileReference; lastKnownFileType = sourcecode.c.objc; path = MPConnectViewController.m; sourceTree = "<group>"; };
		4F5CBD2421DE506A0007976C /* MPDebugHeartBeatViewController.h */ = {isa = PBXFileReference; lastKnownFileType = sourcecode.c.h; path = MPDebugHeartBeatViewController.h; sourceTree = "<group>"; };
		4F5CBD2521DE506A0007976C /* MPDebugHeartBeatViewController.m */ = {isa = PBXFileReference; lastKnownFileType = sourcecode.c.objc; path = MPDebugHeartBeatViewController.m; sourceTree = "<group>"; };
		4F5CBD2721DE51780007976C /* MPDebugViewController.h */ = {isa = PBXFileReference; lastKnownFileType = sourcecode.c.h; path = MPDebugViewController.h; sourceTree = "<group>"; };
		4F5CBD2821DE51780007976C /* MPDebugViewController.m */ = {isa = PBXFileReference; lastKnownFileType = sourcecode.c.objc; path = MPDebugViewController.m; sourceTree = "<group>"; };
		4F5CBD2A21DE53A40007976C /* Masonry.framework */ = {isa = PBXFileReference; lastKnownFileType = wrapper.framework; name = Masonry.framework; path = ../../Vendor/Masonry.framework; sourceTree = "<group>"; };
		4F5CBD2E21DE571F0007976C /* NSObject+ClassDomain.h */ = {isa = PBXFileReference; lastKnownFileType = sourcecode.c.h; path = "NSObject+ClassDomain.h"; sourceTree = "<group>"; };
		4F5CBD2F21DE571F0007976C /* NSObject+ClassDomain.m */ = {isa = PBXFileReference; lastKnownFileType = sourcecode.c.objc; path = "NSObject+ClassDomain.m"; sourceTree = "<group>"; };
		4FBCCDE721EF7F9700E7BF3C /* MPPackageManager.h */ = {isa = PBXFileReference; lastKnownFileType = sourcecode.c.h; path = MPPackageManager.h; sourceTree = "<group>"; };
		4FBCCDE821EF7F9700E7BF3C /* MPPackageManager.m */ = {isa = PBXFileReference; lastKnownFileType = sourcecode.c.objc; path = MPPackageManager.m; sourceTree = "<group>"; };
		4FBCCDEF21EF904500E7BF3C /* MPDebugHeartbeatDevice.h */ = {isa = PBXFileReference; lastKnownFileType = sourcecode.c.h; path = MPDebugHeartbeatDevice.h; sourceTree = "<group>"; };
		4FBCCDF021EF904500E7BF3C /* MPDebugHeartbeatDevice.m */ = {isa = PBXFileReference; lastKnownFileType = sourcecode.c.objc; path = MPDebugHeartbeatDevice.m; sourceTree = "<group>"; };
		4FBCCE0C21F2220F00E7BF3C /* MPDebugPackageManagerViewController.h */ = {isa = PBXFileReference; lastKnownFileType = sourcecode.c.h; path = MPDebugPackageManagerViewController.h; sourceTree = "<group>"; };
		4FBCCE0D21F2220F00E7BF3C /* MPDebugPackageManagerViewController.m */ = {isa = PBXFileReference; lastKnownFileType = sourcecode.c.objc; path = MPDebugPackageManagerViewController.m; sourceTree = "<group>"; };
		4FD32B0822100CB100C391E8 /* MPGravityControlLogic.framework */ = {isa = PBXFileReference; explicitFileType = wrapper.framework; path = MPGravityControlLogic.framework; sourceTree = BUILT_PRODUCTS_DIR; };
		4FD32B202210339C00C391E8 /* MPDebugGravityViewController.h */ = {isa = PBXFileReference; lastKnownFileType = sourcecode.c.h; path = MPDebugGravityViewController.h; sourceTree = "<group>"; };
		4FD32B212210339C00C391E8 /* MPDebugGravityViewController.m */ = {isa = PBXFileReference; lastKnownFileType = sourcecode.c.objc; path = MPDebugGravityViewController.m; sourceTree = "<group>"; };
		4FE07D2822112F7C009DCF25 /* MPDebugTCPServerTestViewController.h */ = {isa = PBXFileReference; lastKnownFileType = sourcecode.c.h; path = MPDebugTCPServerTestViewController.h; sourceTree = "<group>"; };
		4FE07D2922112F7C009DCF25 /* MPDebugTCPServerTestViewController.m */ = {isa = PBXFileReference; lastKnownFileType = sourcecode.c.objc; path = MPDebugTCPServerTestViewController.m; sourceTree = "<group>"; };
		4FE68041221035620048C7D9 /* MPCMMotionManager.h */ = {isa = PBXFileReference; lastKnownFileType = sourcecode.c.h; path = MPCMMotionManager.h; sourceTree = "<group>"; };
		4FE68042221035620048C7D9 /* MPCMMotionManager.m */ = {isa = PBXFileReference; lastKnownFileType = sourcecode.c.objc; path = MPCMMotionManager.m; sourceTree = "<group>"; };
		4FF764372230D87600D259CA /* MPDebugCubeHeartbeatTestViewController.h */ = {isa = PBXFileReference; lastKnownFileType = sourcecode.c.h; path = MPDebugCubeHeartbeatTestViewController.h; sourceTree = "<group>"; };
		4FF764382230D87600D259CA /* MPDebugCubeHeartbeatTestViewController.m */ = {isa = PBXFileReference; lastKnownFileType = sourcecode.c.objc; path = MPDebugCubeHeartbeatTestViewController.m; sourceTree = "<group>"; };
/* End PBXFileReference section */

/* Begin PBXFrameworksBuildPhase section */
		4F5CBCE521DE41840007976C /* Frameworks */ = {
			isa = PBXFrameworksBuildPhase;
			buildActionMask = 2147483647;
			files = (
				4F5CBD0321DE420F0007976C /* MPMavlink.framework in Frameworks */,
				4FD32B0922100CB100C391E8 /* MPGravityControlLogic.framework in Frameworks */,
				4F5CBD0721DE42120007976C /* MPCommLayer.framework in Frameworks */,
				4F5CBD2B21DE53A40007976C /* Masonry.framework in Frameworks */,
			);
			runOnlyForDeploymentPostprocessing = 0;
		};
/* End PBXFrameworksBuildPhase section */

/* Begin PBXGroup section */
		4F43EC09223628D900A1EBF8 /* Utils */ = {
			isa = PBXGroup;
			children = (
			);
			path = Utils;
			sourceTree = "<group>";
		};
		4F5CBCDF21DE41840007976C = {
			isa = PBXGroup;
			children = (
				4FD32B0822100CB100C391E8 /* MPGravityControlLogic.framework */,
				4F5CBD2A21DE53A40007976C /* Masonry.framework */,
				4F5CBD0621DE42120007976C /* MPCommLayer.framework */,
				4F5CBD0221DE420F0007976C /* MPMavlink.framework */,
				4F5CBCEA21DE41840007976C /* MavPPM */,
				4F5CBCE921DE41840007976C /* Products */,
			);
			sourceTree = "<group>";
		};
		4F5CBCE921DE41840007976C /* Products */ = {
			isa = PBXGroup;
			children = (
				4F5CBCE821DE41840007976C /* MavPPM.app */,
			);
			name = Products;
			sourceTree = "<group>";
		};
		4F5CBCEA21DE41840007976C /* MavPPM */ = {
			isa = PBXGroup;
			children = (
				4F5CBD0B21DE487D0007976C /* Sources */,
				4F5CBD0A21DE48680007976C /* Resources */,
				4F5CBCF921DE41850007976C /* Info.plist */,
			);
			path = MavPPM;
			sourceTree = "<group>";
		};
		4F5CBD0A21DE48680007976C /* Resources */ = {
			isa = PBXGroup;
			children = (
				4F5CBCFA21DE41850007976C /* main.m */,
				4F5CBCF421DE41850007976C /* Assets.xcassets */,
				4F5CBCF621DE41850007976C /* LaunchScreen.storyboard */,
			);
			path = Resources;
			sourceTree = "<group>";
		};
		4F5CBD0B21DE487D0007976C /* Sources */ = {
			isa = PBXGroup;
			children = (
				4F5CBCEB21DE41840007976C /* AppDelegate.h */,
				4F5CBCEC21DE41840007976C /* AppDelegate.m */,
				4F43EC09223628D900A1EBF8 /* Utils */,
				4F5CBD1421DE499D0007976C /* Base */,
				4F5CBD0C21DE488A0007976C /* Classes */,
				4F5CBCEE21DE41840007976C /* ViewController.h */,
				4F5CBCEF21DE41840007976C /* ViewController.m */,
			);
			path = Sources;
			sourceTree = "<group>";
		};
		4F5CBD0C21DE488A0007976C /* Classes */ = {
			isa = PBXGroup;
			children = (
				4F5CBD2221DE4FB30007976C /* Debug */,
				4F5CBD0F21DE49390007976C /* Setting */,
				4F5CBD0E21DE49280007976C /* Control */,
				4F5CBD0D21DE48E50007976C /* Connect */,
			);
			path = Classes;
			sourceTree = "<group>";
		};
		4F5CBD0D21DE48E50007976C /* Connect */ = {
			isa = PBXGroup;
			children = (
				4F5CBD1E21DE4F780007976C /* Controller */,
			);
			path = Connect;
			sourceTree = "<group>";
		};
		4F5CBD0E21DE49280007976C /* Control */ = {
			isa = PBXGroup;
			children = (
				4F5CBD1221DE49580007976C /* Controller */,
				4F5CBD1121DE49530007976C /* Model */,
				4F5CBD1021DE49430007976C /* View */,
			);
			path = Control;
			sourceTree = "<group>";
		};
		4F5CBD0F21DE49390007976C /* Setting */ = {
			isa = PBXGroup;
			children = (
			);
			path = Setting;
			sourceTree = "<group>";
		};
		4F5CBD1021DE49430007976C /* View */ = {
			isa = PBXGroup;
			children = (
				4F43EC00223511A600A1EBF8 /* MPGravityRollIndicateView.h */,
				4F43EC01223511A600A1EBF8 /* MPGravityRollIndicateView.m */,
				4F43EC032235120E00A1EBF8 /* MPGraviryPitchRollIndicateView.h */,
				4F43EC042235120E00A1EBF8 /* MPGraviryPitchRollIndicateView.m */,
				4F3FECA5223661BF008BAD84 /* MPThrottleControlView.h */,
				4F3FECA6223661BF008BAD84 /* MPThrottleControlView.m */,
			);
			path = View;
			sourceTree = "<group>";
		};
		4F5CBD1121DE49530007976C /* Model */ = {
			isa = PBXGroup;
			children = (
			);
			path = Model;
			sourceTree = "<group>";
		};
		4F5CBD1221DE49580007976C /* Controller */ = {
			isa = PBXGroup;
			children = (
				4F43EBFD2235115B00A1EBF8 /* MPMainUAVControlViewController.h */,
				4F43EBFE2235115B00A1EBF8 /* MPMainUAVControlViewController.m */,
			);
			path = Controller;
			sourceTree = "<group>";
		};
		4F5CBD1421DE499D0007976C /* Base */ = {
			isa = PBXGroup;
			children = (
				4F5CBD1521DE4E600007976C /* MPNavigationController.h */,
				4F5CBD1621DE4E600007976C /* MPNavigationController.m */,
				4F5CBD1821DE4E6F0007976C /* MPViewController.h */,
				4F5CBD1921DE4E6F0007976C /* MPViewController.m */,
				4F5CBD1B21DE4E7C0007976C /* MPView.h */,
				4F5CBD1C21DE4E7C0007976C /* MPView.m */,
				4F5CBD2E21DE571F0007976C /* NSObject+ClassDomain.h */,
				4F5CBD2F21DE571F0007976C /* NSObject+ClassDomain.m */,
				4FE68041221035620048C7D9 /* MPCMMotionManager.h */,
				4FE68042221035620048C7D9 /* MPCMMotionManager.m */,
				4F43EC0A22362D6900A1EBF8 /* UIColor+MavPPMColor.h */,
				4F43EC0B22362D6900A1EBF8 /* UIColor+MavPPMColor.m */,
				4F3FECA82236667C008BAD84 /* MPTouchView.h */,
				4F3FECA92236667C008BAD84 /* MPTouchView.m */,
			);
			path = Base;
			sourceTree = "<group>";
		};
		4F5CBD1E21DE4F780007976C /* Controller */ = {
			isa = PBXGroup;
			children = (
				4F5CBD1F21DE4FA40007976C /* MPConnectViewController.h */,
				4F5CBD2021DE4FA40007976C /* MPConnectViewController.m */,
			);
			path = Controller;
			sourceTree = "<group>";
		};
		4F5CBD2221DE4FB30007976C /* Debug */ = {
			isa = PBXGroup;
			children = (
				4FBCCDE621EF7E7E00E7BF3C /* Model */,
				4F5CBD2321DE50470007976C /* Controller */,
			);
			path = Debug;
			sourceTree = "<group>";
		};
		4F5CBD2321DE50470007976C /* Controller */ = {
			isa = PBXGroup;
			children = (
				4F5CBD2421DE506A0007976C /* MPDebugHeartBeatViewController.h */,
				4F5CBD2521DE506A0007976C /* MPDebugHeartBeatViewController.m */,
				4FBCCE0C21F2220F00E7BF3C /* MPDebugPackageManagerViewController.h */,
				4FBCCE0D21F2220F00E7BF3C /* MPDebugPackageManagerViewController.m */,
				4FD32B202210339C00C391E8 /* MPDebugGravityViewController.h */,
				4FD32B212210339C00C391E8 /* MPDebugGravityViewController.m */,
				4FE07D2822112F7C009DCF25 /* MPDebugTCPServerTestViewController.h */,
				4FE07D2922112F7C009DCF25 /* MPDebugTCPServerTestViewController.m */,
				4FF764372230D87600D259CA /* MPDebugCubeHeartbeatTestViewController.h */,
				4FF764382230D87600D259CA /* MPDebugCubeHeartbeatTestViewController.m */,
				4F3FECA22236300A008BAD84 /* MPDebugUAVControlUITestViewController.h */,
				4F3FECA32236300A008BAD84 /* MPDebugUAVControlUITestViewController.m */,
				4F5CBD2721DE51780007976C /* MPDebugViewController.h */,
				4F5CBD2821DE51780007976C /* MPDebugViewController.m */,
			);
			path = Controller;
			sourceTree = "<group>";
		};
		4FBCCDE621EF7E7E00E7BF3C /* Model */ = {
			isa = PBXGroup;
			children = (
				4FBCCDE721EF7F9700E7BF3C /* MPPackageManager.h */,
				4FBCCDE821EF7F9700E7BF3C /* MPPackageManager.m */,
				4FBCCDEF21EF904500E7BF3C /* MPDebugHeartbeatDevice.h */,
				4FBCCDF021EF904500E7BF3C /* MPDebugHeartbeatDevice.m */,
			);
			path = Model;
			sourceTree = "<group>";
		};
/* End PBXGroup section */

/* Begin PBXNativeTarget section */
		4F5CBCE721DE41840007976C /* MavPPM */ = {
			isa = PBXNativeTarget;
			buildConfigurationList = 4F5CBCFE21DE41850007976C /* Build configuration list for PBXNativeTarget "MavPPM" */;
			buildPhases = (
				4F5CBCE421DE41840007976C /* Sources */,
				4F5CBCE521DE41840007976C /* Frameworks */,
				4F5CBCE621DE41840007976C /* Resources */,
				4F5CBD0521DE420F0007976C /* Embed Frameworks */,
			);
			buildRules = (
			);
			dependencies = (
			);
			name = MavPPM;
			productName = MavPPM;
			productReference = 4F5CBCE821DE41840007976C /* MavPPM.app */;
			productType = "com.apple.product-type.application";
		};
/* End PBXNativeTarget section */

/* Begin PBXProject section */
		4F5CBCE021DE41840007976C /* Project object */ = {
			isa = PBXProject;
			attributes = {
				LastUpgradeCheck = 1010;
				ORGANIZATIONNAME = eric3u;
				TargetAttributes = {
					4F5CBCE721DE41840007976C = {
						CreatedOnToolsVersion = 10.1;
					};
				};
			};
			buildConfigurationList = 4F5CBCE321DE41840007976C /* Build configuration list for PBXProject "MavPPM" */;
			compatibilityVersion = "Xcode 9.3";
			developmentRegion = en;
			hasScannedForEncodings = 0;
			knownRegions = (
				en,
				Base,
			);
			mainGroup = 4F5CBCDF21DE41840007976C;
			productRefGroup = 4F5CBCE921DE41840007976C /* Products */;
			projectDirPath = "";
			projectRoot = "";
			targets = (
				4F5CBCE721DE41840007976C /* MavPPM */,
			);
		};
/* End PBXProject section */

/* Begin PBXResourcesBuildPhase section */
		4F5CBCE621DE41840007976C /* Resources */ = {
			isa = PBXResourcesBuildPhase;
			buildActionMask = 2147483647;
			files = (
				4F5CBCF821DE41850007976C /* LaunchScreen.storyboard in Resources */,
				4F5CBCF521DE41850007976C /* Assets.xcassets in Resources */,
			);
			runOnlyForDeploymentPostprocessing = 0;
		};
/* End PBXResourcesBuildPhase section */

/* Begin PBXSourcesBuildPhase section */
		4F5CBCE421DE41840007976C /* Sources */ = {
			isa = PBXSourcesBuildPhase;
			buildActionMask = 2147483647;
			files = (
				4FE07D2A22112F7C009DCF25 /* MPDebugTCPServerTestViewController.m in Sources */,
				4F3FECA7223661BF008BAD84 /* MPThrottleControlView.m in Sources */,
				4F43EC02223511A600A1EBF8 /* MPGravityRollIndicateView.m in Sources */,
				4F43EC052235120E00A1EBF8 /* MPGraviryPitchRollIndicateView.m in Sources */,
				4F5CBD1A21DE4E6F0007976C /* MPViewController.m in Sources */,
				4F5CBD1721DE4E600007976C /* MPNavigationController.m in Sources */,
				4F5CBD3021DE571F0007976C /* NSObject+ClassDomain.m in Sources */,
				4F5CBD2121DE4FA40007976C /* MPConnectViewController.m in Sources */,
				4F3FECA42236300A008BAD84 /* MPDebugUAVControlUITestViewController.m in Sources */,
				4F5CBD2921DE51780007976C /* MPDebugViewController.m in Sources */,
				4F5CBCF021DE41840007976C /* ViewController.m in Sources */,
				4F3FECAA2236667C008BAD84 /* MPTouchView.m in Sources */,
				4FD32B222210339C00C391E8 /* MPDebugGravityViewController.m in Sources */,
				4F43EBFF2235115B00A1EBF8 /* MPMainUAVControlViewController.m in Sources */,
				4F5CBD2621DE506A0007976C /* MPDebugHeartBeatViewController.m in Sources */,
				4FBCCDF121EF904500E7BF3C /* MPDebugHeartbeatDevice.m in Sources */,
				4FBCCE0E21F2220F00E7BF3C /* MPDebugPackageManagerViewController.m in Sources */,
				4F5CBCFB21DE41850007976C /* main.m in Sources */,
				4F43EC0C22362D6900A1EBF8 /* UIColor+MavPPMColor.m in Sources */,
				4FBCCDE921EF7F9700E7BF3C /* MPPackageManager.m in Sources */,
				4F5CBCED21DE41840007976C /* AppDelegate.m in Sources */,
				4FF764392230D87600D259CA /* MPDebugCubeHeartbeatTestViewController.m in Sources */,
				4F5CBD1D21DE4E7C0007976C /* MPView.m in Sources */,
				4FE68043221035620048C7D9 /* MPCMMotionManager.m in Sources */,
			);
			runOnlyForDeploymentPostprocessing = 0;
		};
/* End PBXSourcesBuildPhase section */

/* Begin PBXVariantGroup section */
		4F5CBCF621DE41850007976C /* LaunchScreen.storyboard */ = {
			isa = PBXVariantGroup;
			children = (
				4F5CBCF721DE41850007976C /* Base */,
			);
			name = LaunchScreen.storyboard;
			sourceTree = "<group>";
		};
/* End PBXVariantGroup section */

/* Begin XCBuildConfiguration section */
		4F5CBCFC21DE41850007976C /* Debug */ = {
			isa = XCBuildConfiguration;
			buildSettings = {
				ALWAYS_SEARCH_USER_PATHS = NO;
				CLANG_ANALYZER_NONNULL = YES;
				CLANG_ANALYZER_NUMBER_OBJECT_CONVERSION = YES_AGGRESSIVE;
				CLANG_CXX_LANGUAGE_STANDARD = "gnu++14";
				CLANG_CXX_LIBRARY = "libc++";
				CLANG_ENABLE_MODULES = YES;
				CLANG_ENABLE_OBJC_ARC = YES;
				CLANG_ENABLE_OBJC_WEAK = YES;
				CLANG_WARN_BLOCK_CAPTURE_AUTORELEASING = YES;
				CLANG_WARN_BOOL_CONVERSION = YES;
				CLANG_WARN_COMMA = YES;
				CLANG_WARN_CONSTANT_CONVERSION = YES;
				CLANG_WARN_DEPRECATED_OBJC_IMPLEMENTATIONS = YES;
				CLANG_WARN_DIRECT_OBJC_ISA_USAGE = YES_ERROR;
				CLANG_WARN_DOCUMENTATION_COMMENTS = YES;
				CLANG_WARN_EMPTY_BODY = YES;
				CLANG_WARN_ENUM_CONVERSION = YES;
				CLANG_WARN_INFINITE_RECURSION = YES;
				CLANG_WARN_INT_CONVERSION = YES;
				CLANG_WARN_NON_LITERAL_NULL_CONVERSION = YES;
				CLANG_WARN_OBJC_IMPLICIT_RETAIN_SELF = YES;
				CLANG_WARN_OBJC_LITERAL_CONVERSION = YES;
				CLANG_WARN_OBJC_ROOT_CLASS = YES_ERROR;
				CLANG_WARN_RANGE_LOOP_ANALYSIS = YES;
				CLANG_WARN_STRICT_PROTOTYPES = YES;
				CLANG_WARN_SUSPICIOUS_MOVE = YES;
				CLANG_WARN_UNGUARDED_AVAILABILITY = YES_AGGRESSIVE;
				CLANG_WARN_UNREACHABLE_CODE = YES;
				CLANG_WARN__DUPLICATE_METHOD_MATCH = YES;
				CODE_SIGN_IDENTITY = "iPhone Developer";
				COPY_PHASE_STRIP = NO;
				DEBUG_INFORMATION_FORMAT = dwarf;
				ENABLE_STRICT_OBJC_MSGSEND = YES;
				ENABLE_TESTABILITY = YES;
				GCC_C_LANGUAGE_STANDARD = gnu11;
				GCC_DYNAMIC_NO_PIC = NO;
				GCC_NO_COMMON_BLOCKS = YES;
				GCC_OPTIMIZATION_LEVEL = 0;
				GCC_PREPROCESSOR_DEFINITIONS = (
					"DEBUG=1",
					"$(inherited)",
				);
				GCC_WARN_64_TO_32_BIT_CONVERSION = YES;
				GCC_WARN_ABOUT_RETURN_TYPE = YES_ERROR;
				GCC_WARN_UNDECLARED_SELECTOR = YES;
				GCC_WARN_UNINITIALIZED_AUTOS = YES_AGGRESSIVE;
				GCC_WARN_UNUSED_FUNCTION = YES;
				GCC_WARN_UNUSED_VARIABLE = YES;
				IPHONEOS_DEPLOYMENT_TARGET = 10.0;
				MTL_ENABLE_DEBUG_INFO = INCLUDE_SOURCE;
				MTL_FAST_MATH = YES;
				ONLY_ACTIVE_ARCH = YES;
				SDKROOT = iphoneos;
			};
			name = Debug;
		};
		4F5CBCFD21DE41850007976C /* Release */ = {
			isa = XCBuildConfiguration;
			buildSettings = {
				ALWAYS_SEARCH_USER_PATHS = NO;
				CLANG_ANALYZER_NONNULL = YES;
				CLANG_ANALYZER_NUMBER_OBJECT_CONVERSION = YES_AGGRESSIVE;
				CLANG_CXX_LANGUAGE_STANDARD = "gnu++14";
				CLANG_CXX_LIBRARY = "libc++";
				CLANG_ENABLE_MODULES = YES;
				CLANG_ENABLE_OBJC_ARC = YES;
				CLANG_ENABLE_OBJC_WEAK = YES;
				CLANG_WARN_BLOCK_CAPTURE_AUTORELEASING = YES;
				CLANG_WARN_BOOL_CONVERSION = YES;
				CLANG_WARN_COMMA = YES;
				CLANG_WARN_CONSTANT_CONVERSION = YES;
				CLANG_WARN_DEPRECATED_OBJC_IMPLEMENTATIONS = YES;
				CLANG_WARN_DIRECT_OBJC_ISA_USAGE = YES_ERROR;
				CLANG_WARN_DOCUMENTATION_COMMENTS = YES;
				CLANG_WARN_EMPTY_BODY = YES;
				CLANG_WARN_ENUM_CONVERSION = YES;
				CLANG_WARN_INFINITE_RECURSION = YES;
				CLANG_WARN_INT_CONVERSION = YES;
				CLANG_WARN_NON_LITERAL_NULL_CONVERSION = YES;
				CLANG_WARN_OBJC_IMPLICIT_RETAIN_SELF = YES;
				CLANG_WARN_OBJC_LITERAL_CONVERSION = YES;
				CLANG_WARN_OBJC_ROOT_CLASS = YES_ERROR;
				CLANG_WARN_RANGE_LOOP_ANALYSIS = YES;
				CLANG_WARN_STRICT_PROTOTYPES = YES;
				CLANG_WARN_SUSPICIOUS_MOVE = YES;
				CLANG_WARN_UNGUARDED_AVAILABILITY = YES_AGGRESSIVE;
				CLANG_WARN_UNREACHABLE_CODE = YES;
				CLANG_WARN__DUPLICATE_METHOD_MATCH = YES;
				CODE_SIGN_IDENTITY = "iPhone Developer";
				COPY_PHASE_STRIP = NO;
				DEBUG_INFORMATION_FORMAT = "dwarf-with-dsym";
				ENABLE_NS_ASSERTIONS = NO;
				ENABLE_STRICT_OBJC_MSGSEND = YES;
				GCC_C_LANGUAGE_STANDARD = gnu11;
				GCC_NO_COMMON_BLOCKS = YES;
				GCC_WARN_64_TO_32_BIT_CONVERSION = YES;
				GCC_WARN_ABOUT_RETURN_TYPE = YES_ERROR;
				GCC_WARN_UNDECLARED_SELECTOR = YES;
				GCC_WARN_UNINITIALIZED_AUTOS = YES_AGGRESSIVE;
				GCC_WARN_UNUSED_FUNCTION = YES;
				GCC_WARN_UNUSED_VARIABLE = YES;
				IPHONEOS_DEPLOYMENT_TARGET = 10.0;
				MTL_ENABLE_DEBUG_INFO = NO;
				MTL_FAST_MATH = YES;
				SDKROOT = iphoneos;
				VALIDATE_PRODUCT = YES;
			};
			name = Release;
		};
		4F5CBCFF21DE41850007976C /* Debug */ = {
			isa = XCBuildConfiguration;
			buildSettings = {
				ASSETCATALOG_COMPILER_APPICON_NAME = AppIcon;
				CODE_SIGN_STYLE = Automatic;
				DEBUG_INFORMATION_FORMAT = "dwarf-with-dsym";
				DEVELOPMENT_TEAM = 2VQ94C2355;
				FRAMEWORK_SEARCH_PATHS = "${PROJECT_DIR}/../../Vendor/";
				INFOPLIST_FILE = MavPPM/Info.plist;
				IPHONEOS_DEPLOYMENT_TARGET = 10.0;
				LD_RUNPATH_SEARCH_PATHS = (
					"$(inherited)",
					"@executable_path/Frameworks",
				);
				PRODUCT_BUNDLE_IDENTIFIER = com.eric3u.MavPPM;
				PRODUCT_NAME = "$(TARGET_NAME)";
				TARGETED_DEVICE_FAMILY = "1,2";
			};
			name = Debug;
		};
		4F5CBD0021DE41850007976C /* Release */ = {
			isa = XCBuildConfiguration;
			buildSettings = {
				ASSETCATALOG_COMPILER_APPICON_NAME = AppIcon;
				CODE_SIGN_STYLE = Automatic;
				DEVELOPMENT_TEAM = 2VQ94C2355;
				FRAMEWORK_SEARCH_PATHS = "${PROJECT_DIR}/../../Vendor/";
				INFOPLIST_FILE = MavPPM/Info.plist;
				IPHONEOS_DEPLOYMENT_TARGET = 10.0;
				LD_RUNPATH_SEARCH_PATHS = (
					"$(inherited)",
					"@executable_path/Frameworks",
				);
				PRODUCT_BUNDLE_IDENTIFIER = com.eric3u.MavPPM;
				PRODUCT_NAME = "$(TARGET_NAME)";
				TARGETED_DEVICE_FAMILY = "1,2";
			};
			name = Release;
		};
/* End XCBuildConfiguration section */

/* Begin XCConfigurationList section */
		4F5CBCE321DE41840007976C /* Build configuration list for PBXProject "MavPPM" */ = {
			isa = XCConfigurationList;
			buildConfigurations = (
				4F5CBCFC21DE41850007976C /* Debug */,
				4F5CBCFD21DE41850007976C /* Release */,
			);
			defaultConfigurationIsVisible = 0;
			defaultConfigurationName = Release;
		};
		4F5CBCFE21DE41850007976C /* Build configuration list for PBXNativeTarget "MavPPM" */ = {
			isa = XCConfigurationList;
			buildConfigurations = (
				4F5CBCFF21DE41850007976C /* Debug */,
				4F5CBD0021DE41850007976C /* Release */,
			);
			defaultConfigurationIsVisible = 0;
			defaultConfigurationName = Release;
		};
/* End XCConfigurationList section */
	};
	rootObject = 4F5CBCE021DE41840007976C /* Project object */;
}
